// !$*UTF8*$!
{
	archiveVersion = 1;
	classes = {
	};
	objectVersion = 46;
	objects = {

/* Begin PBXBuildFile section */
		8320BE4C19FDEF59000557AF /* boost.framework in Frameworks */ = {isa = PBXBuildFile; fileRef = 83672F9119FC81440026CF0A /* boost.framework */; };
		835A145F1A05F812008EAFCE /* main.cpp in Sources */ = {isa = PBXBuildFile; fileRef = 835A14591A05F812008EAFCE /* main.cpp */; };
		835A14601A05F812008EAFCE /* Utilities.cpp in Sources */ = {isa = PBXBuildFile; fileRef = 835A145A1A05F812008EAFCE /* Utilities.cpp */; };
		835A146C1A05F90B008EAFCE /* Black-Scholes-Merton.cpp in Sources */ = {isa = PBXBuildFile; fileRef = 835A146A1A05F90B008EAFCE /* Black-Scholes-Merton.cpp */; };
		835A14731A06A97A008EAFCE /* Black-Scholes-Merton.cpp in Sources */ = {isa = PBXBuildFile; fileRef = 835A146A1A05F90B008EAFCE /* Black-Scholes-Merton.cpp */; };
		835A14741A06A985008EAFCE /* Utilities.cpp in Sources */ = {isa = PBXBuildFile; fileRef = 835A145A1A05F812008EAFCE /* Utilities.cpp */; };
		835A14771A0701A8008EAFCE /* OptionGreeks.cpp in Sources */ = {isa = PBXBuildFile; fileRef = 835A14751A0701A8008EAFCE /* OptionGreeks.cpp */; };
		835A147B1A070BE5008EAFCE /* OptionGreeks-Test.cpp in Sources */ = {isa = PBXBuildFile; fileRef = 835A147A1A070BE5008EAFCE /* OptionGreeks-Test.cpp */; };
		835A147C1A071344008EAFCE /* OptionGreeks.cpp in Sources */ = {isa = PBXBuildFile; fileRef = 835A14751A0701A8008EAFCE /* OptionGreeks.cpp */; };
		83A9AB251A0125C500DF83D2 /* catch.hpp in Sources */ = {isa = PBXBuildFile; fileRef = 83A9AB241A0125C500DF83D2 /* catch.hpp */; };
		83A9AB271A01260600DF83D2 /* main.cpp in Sources */ = {isa = PBXBuildFile; fileRef = 83A9AB261A01260600DF83D2 /* main.cpp */; };
		83A9AB291A01263E00DF83D2 /* Black-Scholes-Merton-Test.cpp in Sources */ = {isa = PBXBuildFile; fileRef = 83A9AB281A01263E00DF83D2 /* Black-Scholes-Merton-Test.cpp */; };
		83A9AB3F1A01B85000DF83D2 /* boost.framework in Frameworks */ = {isa = PBXBuildFile; fileRef = 83672F9119FC81440026CF0A /* boost.framework */; };
/* End PBXBuildFile section */

/* Begin PBXContainerItemProxy section */
		83A9AB3D1A01B7FF00DF83D2 /* PBXContainerItemProxy */ = {
			isa = PBXContainerItemProxy;
			containerPortal = 836E5ED319FC410B00041D6E /* Project object */;
			proxyType = 1;
			remoteGlobalIDString = 836E5EDA19FC410B00041D6E;
			remoteInfo = QuantLib;
		};
/* End PBXContainerItemProxy section */

/* Begin PBXCopyFilesBuildPhase section */
		836E5ED919FC410B00041D6E /* CopyFiles */ = {
			isa = PBXCopyFilesBuildPhase;
			buildActionMask = 2147483647;
			dstPath = /usr/share/man/man1/;
			dstSubfolderSpec = 0;
			files = (
			);
			runOnlyForDeploymentPostprocessing = 1;
		};
		83A9AB181A01256F00DF83D2 /* CopyFiles */ = {
			isa = PBXCopyFilesBuildPhase;
			buildActionMask = 2147483647;
			dstPath = /usr/share/man/man1/;
			dstSubfolderSpec = 0;
			files = (
			);
			runOnlyForDeploymentPostprocessing = 1;
		};
/* End PBXCopyFilesBuildPhase section */

/* Begin PBXFileReference section */
		835A14591A05F812008EAFCE /* main.cpp */ = {isa = PBXFileReference; fileEncoding = 4; lastKnownFileType = sourcecode.cpp.cpp; path = main.cpp; sourceTree = "<group>"; };
		835A145A1A05F812008EAFCE /* Utilities.cpp */ = {isa = PBXFileReference; fileEncoding = 4; lastKnownFileType = sourcecode.cpp.cpp; path = Utilities.cpp; sourceTree = "<group>"; };
		835A145B1A05F812008EAFCE /* Utilities.h */ = {isa = PBXFileReference; fileEncoding = 4; lastKnownFileType = sourcecode.c.h; path = Utilities.h; sourceTree = "<group>"; };
		835A146A1A05F90B008EAFCE /* Black-Scholes-Merton.cpp */ = {isa = PBXFileReference; fileEncoding = 4; lastKnownFileType = sourcecode.cpp.cpp; path = "Black-Scholes-Merton.cpp"; sourceTree = "<group>"; };
		835A146B1A05F90B008EAFCE /* Black-Scholes-Merton.h */ = {isa = PBXFileReference; fileEncoding = 4; lastKnownFileType = sourcecode.c.h; path = "Black-Scholes-Merton.h"; sourceTree = "<group>"; };
		835A14751A0701A8008EAFCE /* OptionGreeks.cpp */ = {isa = PBXFileReference; fileEncoding = 4; lastKnownFileType = sourcecode.cpp.cpp; path = OptionGreeks.cpp; sourceTree = "<group>"; };
		835A14761A0701A8008EAFCE /* OptionGreeks.h */ = {isa = PBXFileReference; fileEncoding = 4; lastKnownFileType = sourcecode.c.h; path = OptionGreeks.h; sourceTree = "<group>"; };
		835A147A1A070BE5008EAFCE /* OptionGreeks-Test.cpp */ = {isa = PBXFileReference; fileEncoding = 4; lastKnownFileType = sourcecode.cpp.cpp; path = "OptionGreeks-Test.cpp"; sourceTree = "<group>"; };
		83672F9119FC81440026CF0A /* boost.framework */ = {isa = PBXFileReference; lastKnownFileType = wrapper.framework; name = boost.framework; path = ../../../osx/framework/boost.framework; sourceTree = "<group>"; };
		836E5EDB19FC410B00041D6E /* QuantLib */ = {isa = PBXFileReference; explicitFileType = "compiled.mach-o.executable"; includeInIndex = 0; path = QuantLib; sourceTree = BUILT_PRODUCTS_DIR; };
		83A9AB1A1A01256F00DF83D2 /* QuantLibUnitTests */ = {isa = PBXFileReference; explicitFileType = "compiled.mach-o.executable"; includeInIndex = 0; path = QuantLibUnitTests; sourceTree = BUILT_PRODUCTS_DIR; };
		83A9AB241A0125C500DF83D2 /* catch.hpp */ = {isa = PBXFileReference; fileEncoding = 4; lastKnownFileType = sourcecode.cpp.h; path = catch.hpp; sourceTree = "<group>"; };
		83A9AB261A01260600DF83D2 /* main.cpp */ = {isa = PBXFileReference; fileEncoding = 4; lastKnownFileType = sourcecode.cpp.cpp; path = main.cpp; sourceTree = "<group>"; };
		83A9AB281A01263E00DF83D2 /* Black-Scholes-Merton-Test.cpp */ = {isa = PBXFileReference; fileEncoding = 4; lastKnownFileType = sourcecode.cpp.cpp; path = "Black-Scholes-Merton-Test.cpp"; sourceTree = "<group>"; };
		83A9AB311A0139BE00DF83D2 /* Info.plist */ = {isa = PBXFileReference; lastKnownFileType = text.plist.xml; path = Info.plist; sourceTree = "<group>"; };
		83A9AB321A0139BE00DF83D2 /* Black_Scholes_Merton_Tests.m */ = {isa = PBXFileReference; lastKnownFileType = sourcecode.c.objc; path = Black_Scholes_Merton_Tests.m; sourceTree = "<group>"; };
		83A9AB391A0142F200DF83D2 /* QuantLib.xcodeproj */ = {isa = PBXFileReference; lastKnownFileType = "wrapper.pb-project"; path = QuantLib.xcodeproj; sourceTree = "<group>"; };
/* End PBXFileReference section */

/* Begin PBXFrameworksBuildPhase section */
		836E5ED819FC410B00041D6E /* Frameworks */ = {
			isa = PBXFrameworksBuildPhase;
			buildActionMask = 2147483647;
			files = (
				8320BE4C19FDEF59000557AF /* boost.framework in Frameworks */,
			);
			runOnlyForDeploymentPostprocessing = 0;
		};
		83A9AB171A01256F00DF83D2 /* Frameworks */ = {
			isa = PBXFrameworksBuildPhase;
			buildActionMask = 2147483647;
			files = (
				83A9AB3F1A01B85000DF83D2 /* boost.framework in Frameworks */,
			);
			runOnlyForDeploymentPostprocessing = 0;
		};
/* End PBXFrameworksBuildPhase section */

/* Begin PBXGroup section */
		836E5ED219FC410B00041D6E = {
			isa = PBXGroup;
			children = (
				83A9AB391A0142F200DF83D2 /* QuantLib.xcodeproj */,
				83672F9119FC81440026CF0A /* boost.framework */,
				836E5EDD19FC410B00041D6E /* QuantLib */,
				83A9AB1B1A01256F00DF83D2 /* QuantLibUnitTests */,
				83A9AB2F1A0139BE00DF83D2 /* Black-Scholes-Merton_Tests */,
				836E5EDC19FC410B00041D6E /* Products */,
			);
			sourceTree = "<group>";
		};
		836E5EDC19FC410B00041D6E /* Products */ = {
			isa = PBXGroup;
			children = (
				836E5EDB19FC410B00041D6E /* QuantLib */,
				83A9AB1A1A01256F00DF83D2 /* QuantLibUnitTests */,
			);
			name = Products;
			sourceTree = "<group>";
		};
		836E5EDD19FC410B00041D6E /* QuantLib */ = {
			isa = PBXGroup;
			children = (
				835A146A1A05F90B008EAFCE /* Black-Scholes-Merton.cpp */,
				835A146B1A05F90B008EAFCE /* Black-Scholes-Merton.h */,
				835A14591A05F812008EAFCE /* main.cpp */,
				835A145A1A05F812008EAFCE /* Utilities.cpp */,
				835A145B1A05F812008EAFCE /* Utilities.h */,
				835A14751A0701A8008EAFCE /* OptionGreeks.cpp */,
				835A14761A0701A8008EAFCE /* OptionGreeks.h */,
			);
			path = QuantLib;
			sourceTree = "<group>";
		};
		83A9AB1B1A01256F00DF83D2 /* QuantLibUnitTests */ = {
			isa = PBXGroup;
			children = (
				83A9AB241A0125C500DF83D2 /* catch.hpp */,
				83A9AB261A01260600DF83D2 /* main.cpp */,
				83A9AB281A01263E00DF83D2 /* Black-Scholes-Merton-Test.cpp */,
				835A147A1A070BE5008EAFCE /* OptionGreeks-Test.cpp */,
			);
			path = QuantLibUnitTests;
			sourceTree = "<group>";
		};
		83A9AB2F1A0139BE00DF83D2 /* Black-Scholes-Merton_Tests */ = {
			isa = PBXGroup;
			children = (
				83A9AB321A0139BE00DF83D2 /* Black_Scholes_Merton_Tests.m */,
				83A9AB301A0139BE00DF83D2 /* Supporting Files */,
			);
			path = "Black-Scholes-Merton_Tests";
			sourceTree = "<group>";
		};
		83A9AB301A0139BE00DF83D2 /* Supporting Files */ = {
			isa = PBXGroup;
			children = (
				83A9AB311A0139BE00DF83D2 /* Info.plist */,
			);
			name = "Supporting Files";
			sourceTree = "<group>";
		};
		83A9AB3A1A0142F200DF83D2 /* Products */ = {
			isa = PBXGroup;
			name = Products;
			sourceTree = "<group>";
		};
/* End PBXGroup section */

/* Begin PBXNativeTarget section */
		836E5EDA19FC410B00041D6E /* QuantLib */ = {
			isa = PBXNativeTarget;
			buildConfigurationList = 836E5EE219FC410B00041D6E /* Build configuration list for PBXNativeTarget "QuantLib" */;
			buildPhases = (
				836E5ED719FC410B00041D6E /* Sources */,
				836E5ED819FC410B00041D6E /* Frameworks */,
				836E5ED919FC410B00041D6E /* CopyFiles */,
			);
			buildRules = (
			);
			dependencies = (
			);
			name = QuantLib;
			productName = QuantLib;
			productReference = 836E5EDB19FC410B00041D6E /* QuantLib */;
			productType = "com.apple.product-type.tool";
		};
		83A9AB191A01256F00DF83D2 /* QuantLibUnitTests */ = {
			isa = PBXNativeTarget;
			buildConfigurationList = 83A9AB201A01257000DF83D2 /* Build configuration list for PBXNativeTarget "QuantLibUnitTests" */;
			buildPhases = (
				83A9AB161A01256F00DF83D2 /* Sources */,
				83A9AB171A01256F00DF83D2 /* Frameworks */,
				83A9AB181A01256F00DF83D2 /* CopyFiles */,
			);
			buildRules = (
			);
			dependencies = (
				83A9AB3E1A01B7FF00DF83D2 /* PBXTargetDependency */,
			);
			name = QuantLibUnitTests;
			productName = QuantLibUnitTests;
			productReference = 83A9AB1A1A01256F00DF83D2 /* QuantLibUnitTests */;
			productType = "com.apple.product-type.tool";
		};
/* End PBXNativeTarget section */

/* Begin PBXProject section */
		836E5ED319FC410B00041D6E /* Project object */ = {
			isa = PBXProject;
			attributes = {
				LastUpgradeCheck = 0610;
				ORGANIZATIONNAME = "Chris Len";
				TargetAttributes = {
					836E5EDA19FC410B00041D6E = {
						CreatedOnToolsVersion = 6.1;
					};
					83A9AB191A01256F00DF83D2 = {
						CreatedOnToolsVersion = 6.1;
					};
				};
			};
			buildConfigurationList = 836E5ED619FC410B00041D6E /* Build configuration list for PBXProject "QuantLib" */;
			compatibilityVersion = "Xcode 3.2";
			developmentRegion = English;
			hasScannedForEncodings = 0;
			knownRegions = (
				en,
			);
			mainGroup = 836E5ED219FC410B00041D6E;
			productRefGroup = 836E5EDC19FC410B00041D6E /* Products */;
			projectDirPath = "";
			projectReferences = (
				{
					ProductGroup = 83A9AB3A1A0142F200DF83D2 /* Products */;
					ProjectRef = 83A9AB391A0142F200DF83D2 /* QuantLib.xcodeproj */;
				},
			);
			projectRoot = "";
			targets = (
				836E5EDA19FC410B00041D6E /* QuantLib */,
				83A9AB191A01256F00DF83D2 /* QuantLibUnitTests */,
			);
		};
/* End PBXProject section */

/* Begin PBXSourcesBuildPhase section */
		836E5ED719FC410B00041D6E /* Sources */ = {
			isa = PBXSourcesBuildPhase;
			buildActionMask = 2147483647;
			files = (
				835A145F1A05F812008EAFCE /* main.cpp in Sources */,
				835A14771A0701A8008EAFCE /* OptionGreeks.cpp in Sources */,
				835A146C1A05F90B008EAFCE /* Black-Scholes-Merton.cpp in Sources */,
				835A14601A05F812008EAFCE /* Utilities.cpp in Sources */,
			);
			runOnlyForDeploymentPostprocessing = 0;
		};
		83A9AB161A01256F00DF83D2 /* Sources */ = {
			isa = PBXSourcesBuildPhase;
			buildActionMask = 2147483647;
			files = (
				835A147C1A071344008EAFCE /* OptionGreeks.cpp in Sources */,
				835A14741A06A985008EAFCE /* Utilities.cpp in Sources */,
				835A14731A06A97A008EAFCE /* Black-Scholes-Merton.cpp in Sources */,
				83A9AB271A01260600DF83D2 /* main.cpp in Sources */,
				835A147B1A070BE5008EAFCE /* OptionGreeks-Test.cpp in Sources */,
				83A9AB291A01263E00DF83D2 /* Black-Scholes-Merton-Test.cpp in Sources */,
				83A9AB251A0125C500DF83D2 /* catch.hpp in Sources */,
			);
			runOnlyForDeploymentPostprocessing = 0;
		};
/* End PBXSourcesBuildPhase section */

/* Begin PBXTargetDependency section */
		83A9AB3E1A01B7FF00DF83D2 /* PBXTargetDependency */ = {
			isa = PBXTargetDependency;
			target = 836E5EDA19FC410B00041D6E /* QuantLib */;
			targetProxy = 83A9AB3D1A01B7FF00DF83D2 /* PBXContainerItemProxy */;
		};
/* End PBXTargetDependency section */

/* Begin XCBuildConfiguration section */
		836E5EE019FC410B00041D6E /* Debug */ = {
			isa = XCBuildConfiguration;
			buildSettings = {
				ALWAYS_SEARCH_USER_PATHS = NO;
				CLANG_CXX_LANGUAGE_STANDARD = "gnu++0x";
				CLANG_CXX_LIBRARY = "libc++";
				CLANG_ENABLE_MODULES = YES;
				CLANG_ENABLE_OBJC_ARC = YES;
				CLANG_WARN_BOOL_CONVERSION = YES;
				CLANG_WARN_CONSTANT_CONVERSION = YES;
				CLANG_WARN_DIRECT_OBJC_ISA_USAGE = YES_ERROR;
				CLANG_WARN_EMPTY_BODY = YES;
				CLANG_WARN_ENUM_CONVERSION = YES;
				CLANG_WARN_INT_CONVERSION = YES;
				CLANG_WARN_OBJC_ROOT_CLASS = YES_ERROR;
				CLANG_WARN_UNREACHABLE_CODE = YES;
				CLANG_WARN__DUPLICATE_METHOD_MATCH = YES;
				COPY_PHASE_STRIP = NO;
				ENABLE_STRICT_OBJC_MSGSEND = YES;
				GCC_C_LANGUAGE_STANDARD = gnu99;
				GCC_DYNAMIC_NO_PIC = NO;
				GCC_OPTIMIZATION_LEVEL = 0;
				GCC_PREPROCESSOR_DEFINITIONS = (
					"DEBUG=1",
					"$(inherited)",
				);
				GCC_SYMBOLS_PRIVATE_EXTERN = NO;
				GCC_WARN_64_TO_32_BIT_CONVERSION = YES;
				GCC_WARN_ABOUT_RETURN_TYPE = YES_ERROR;
				GCC_WARN_UNDECLARED_SELECTOR = YES;
				GCC_WARN_UNINITIALIZED_AUTOS = YES_AGGRESSIVE;
				GCC_WARN_UNUSED_FUNCTION = YES;
				GCC_WARN_UNUSED_VARIABLE = YES;
				MACOSX_DEPLOYMENT_TARGET = 10.10;
				MTL_ENABLE_DEBUG_INFO = YES;
				ONLY_ACTIVE_ARCH = YES;
				SDKROOT = macosx;
			};
			name = Debug;
		};
		836E5EE119FC410B00041D6E /* Release */ = {
			isa = XCBuildConfiguration;
			buildSettings = {
				ALWAYS_SEARCH_USER_PATHS = NO;
				CLANG_CXX_LANGUAGE_STANDARD = "gnu++0x";
				CLANG_CXX_LIBRARY = "libc++";
				CLANG_ENABLE_MODULES = YES;
				CLANG_ENABLE_OBJC_ARC = YES;
				CLANG_WARN_BOOL_CONVERSION = YES;
				CLANG_WARN_CONSTANT_CONVERSION = YES;
				CLANG_WARN_DIRECT_OBJC_ISA_USAGE = YES_ERROR;
				CLANG_WARN_EMPTY_BODY = YES;
				CLANG_WARN_ENUM_CONVERSION = YES;
				CLANG_WARN_INT_CONVERSION = YES;
				CLANG_WARN_OBJC_ROOT_CLASS = YES_ERROR;
				CLANG_WARN_UNREACHABLE_CODE = YES;
				CLANG_WARN__DUPLICATE_METHOD_MATCH = YES;
				COPY_PHASE_STRIP = YES;
				DEBUG_INFORMATION_FORMAT = "dwarf-with-dsym";
				ENABLE_NS_ASSERTIONS = NO;
				ENABLE_STRICT_OBJC_MSGSEND = YES;
				GCC_C_LANGUAGE_STANDARD = gnu99;
				GCC_WARN_64_TO_32_BIT_CONVERSION = YES;
				GCC_WARN_ABOUT_RETURN_TYPE = YES_ERROR;
				GCC_WARN_UNDECLARED_SELECTOR = YES;
				GCC_WARN_UNINITIALIZED_AUTOS = YES_AGGRESSIVE;
				GCC_WARN_UNUSED_FUNCTION = YES;
				GCC_WARN_UNUSED_VARIABLE = YES;
				MACOSX_DEPLOYMENT_TARGET = 10.10;
				MTL_ENABLE_DEBUG_INFO = NO;
				SDKROOT = macosx;
			};
			name = Release;
		};
		836E5EE319FC410B00041D6E /* Debug */ = {
			isa = XCBuildConfiguration;
			buildSettings = {
				FRAMEWORK_SEARCH_PATHS = (
					"$(inherited)",
					/Users/Chris/osx/framework,
				);
				HEADER_SEARCH_PATHS = (
					"$(inherited)",
					/Applications/Xcode.app/Contents/Developer/Toolchains/XcodeDefault.xctoolchain/usr/include,
				);
				LIBRARY_SEARCH_PATHS = "";
				PRODUCT_NAME = "$(TARGET_NAME)";
			};
			name = Debug;
		};
		836E5EE419FC410B00041D6E /* Release */ = {
			isa = XCBuildConfiguration;
			buildSettings = {
				FRAMEWORK_SEARCH_PATHS = (
					"$(inherited)",
					/Users/Chris/osx/framework,
				);
				HEADER_SEARCH_PATHS = (
					"$(inherited)",
					/Applications/Xcode.app/Contents/Developer/Toolchains/XcodeDefault.xctoolchain/usr/include,
				);
				LIBRARY_SEARCH_PATHS = "";
				PRODUCT_NAME = "$(TARGET_NAME)";
			};
			name = Release;
		};
		83A9AB1E1A01257000DF83D2 /* Debug */ = {
			isa = XCBuildConfiguration;
			buildSettings = {
				FRAMEWORK_SEARCH_PATHS = (
					"$(inherited)",
					/Users/Chris/osx/framework,
				);
				GCC_PREPROCESSOR_DEFINITIONS = (
					"DEBUG=1",
					"$(inherited)",
				);
				PRODUCT_NAME = "$(TARGET_NAME)";
			};
			name = Debug;
		};
		83A9AB1F1A01257000DF83D2 /* Release */ = {
			isa = XCBuildConfiguration;
			buildSettings = {
				FRAMEWORK_SEARCH_PATHS = /Users/Chris/osx/framework;
				PRODUCT_NAME = "$(TARGET_NAME)";
			};
			name = Release;
		};
/* End XCBuildConfiguration section */

/* Begin XCConfigurationList section */
		836E5ED619FC410B00041D6E /* Build configuration list for PBXProject "QuantLib" */ = {
			isa = XCConfigurationList;
			buildConfigurations = (
				836E5EE019FC410B00041D6E /* Debug */,
				836E5EE119FC410B00041D6E /* Release */,
			);
			defaultConfigurationIsVisible = 0;
			defaultConfigurationName = Release;
		};
		836E5EE219FC410B00041D6E /* Build configuration list for PBXNativeTarget "QuantLib" */ = {
			isa = XCConfigurationList;
			buildConfigurations = (
				836E5EE319FC410B00041D6E /* Debug */,
				836E5EE419FC410B00041D6E /* Release */,
			);
			defaultConfigurationIsVisible = 0;
			defaultConfigurationName = Release;
		};
		83A9AB201A01257000DF83D2 /* Build configuration list for PBXNativeTarget "QuantLibUnitTests" */ = {
			isa = XCConfigurationList;
			buildConfigurations = (
				83A9AB1E1A01257000DF83D2 /* Debug */,
				83A9AB1F1A01257000DF83D2 /* Release */,
			);
			defaultConfigurationIsVisible = 0;
			defaultConfigurationName = Release;
		};
/* End XCConfigurationList section */
	};
	rootObject = 836E5ED319FC410B00041D6E /* Project object */;
}
